
Microsoft Visual Studio Solution File, Format Version 12.00
# Visual Studio Version 16
VisualStudioVersion = 16.0.31205.134
MinimumVisualStudioVersion = 10.0.40219.1
Project("{FAE04EC0-301F-11D3-BF4B-00C04F79EFBC}") = "Treeview_DragAndDrop.UWP", "Treeview_DragAndDrop\Treeview_DragAndDrop.UWP\Treeview_DragAndDrop.UWP.csproj", "{7F0B2D0B-74D4-42BC-A5ED-DD6946B059EA}"
EndProject
Project("{FAE04EC0-301F-11D3-BF4B-00C04F79EFBC}") = "Treeview_DragAndDrop", "Treeview_DragAndDrop\Treeview_DragAndDrop\Treeview_DragAndDrop.csproj", "{FF4DDC9C-3769-4427-992D-EFE86852945F}"
EndProject
Project("{FAE04EC0-301F-11D3-BF4B-00C04F79EFBC}") = "TreeView_DragAndDrop.MAC", "TreeView_DragAndDrop.MAC\TreeView_DragAndDrop.MAC.csproj", "{F1446023-4FBB-483A-B36A-A214ABEEDD21}"
EndProject
Global
	GlobalSection(SolutionConfigurationPlatforms) = preSolution
		Debug|Any CPU = Debug|Any CPU
		Debug|ARM = Debug|ARM
		Debug|iPhone = Debug|iPhone
		Debug|iPhoneSimulator = Debug|iPhoneSimulator
		Debug|x64 = Debug|x64
		Debug|x86 = Debug|x86
		Release|Any CPU = Release|Any CPU
		Release|ARM = Release|ARM
		Release|iPhone = Release|iPhone
		Release|iPhoneSimulator = Release|iPhoneSimulator
		Release|x64 = Release|x64
		Release|x86 = Release|x86
	EndGlobalSection
	GlobalSection(ProjectConfigurationPlatforms) = postSolution
		{7F0B2D0B-74D4-42BC-A5ED-DD6946B059EA}.Debug|Any CPU.ActiveCfg = Debug|x86
		{7F0B2D0B-74D4-42BC-A5ED-DD6946B059EA}.Debug|Any CPU.Build.0 = Debug|x86
		{7F0B2D0B-74D4-42BC-A5ED-DD6946B059EA}.Debug|Any CPU.Deploy.0 = Debug|x86
		{7F0B2D0B-74D4-42BC-A5ED-DD6946B059EA}.Debug|ARM.ActiveCfg = Debug|ARM
		{7F0B2D0B-74D4-42BC-A5ED-DD6946B059EA}.Debug|ARM.Build.0 = Debug|ARM
		{7F0B2D0B-74D4-42BC-A5ED-DD6946B059EA}.Debug|ARM.Deploy.0 = Debug|ARM
		{7F0B2D0B-74D4-42BC-A5ED-DD6946B059EA}.Debug|iPhone.ActiveCfg = Debug|x86
		{7F0B2D0B-74D4-42BC-A5ED-DD6946B059EA}.Debug|iPhone.Build.0 = Debug|x86
		{7F0B2D0B-74D4-42BC-A5ED-DD6946B059EA}.Debug|iPhone.Deploy.0 = Debug|x86
		{7F0B2D0B-74D4-42BC-A5ED-DD6946B059EA}.Debug|iPhoneSimulator.ActiveCfg = Debug|x86
		{7F0B2D0B-74D4-42BC-A5ED-DD6946B059EA}.Debug|iPhoneSimulator.Build.0 = Debug|x86
		{7F0B2D0B-74D4-42BC-A5ED-DD6946B059EA}.Debug|iPhoneSimulator.Deploy.0 = Debug|x86
		{7F0B2D0B-74D4-42BC-A5ED-DD6946B059EA}.Debug|x64.ActiveCfg = Debug|x64
		{7F0B2D0B-74D4-42BC-A5ED-DD6946B059EA}.Debug|x64.Build.0 = Debug|x64
		{7F0B2D0B-74D4-42BC-A5ED-DD6946B059EA}.Debug|x64.Deploy.0 = Debug|x64
		{7F0B2D0B-74D4-42BC-A5ED-DD6946B059EA}.Debug|x86.ActiveCfg = Debug|x86
		{7F0B2D0B-74D4-42BC-A5ED-DD6946B059EA}.Debug|x86.Build.0 = Debug|x86
		{7F0B2D0B-74D4-42BC-A5ED-DD6946B059EA}.Debug|x86.Deploy.0 = Debug|x86
		{7F0B2D0B-74D4-42BC-A5ED-DD6946B059EA}.Release|Any CPU.ActiveCfg = Release|x86
		{7F0B2D0B-74D4-42BC-A5ED-DD6946B059EA}.Release|Any CPU.Build.0 = Release|x86
		{7F0B2D0B-74D4-42BC-A5ED-DD6946B059EA}.Release|Any CPU.Deploy.0 = Release|x86
		{7F0B2D0B-74D4-42BC-A5ED-DD6946B059EA}.Release|ARM.ActiveCfg = Release|ARM
		{7F0B2D0B-74D4-42BC-A5ED-DD6946B059EA}.Release|ARM.Build.0 = Release|ARM
		{7F0B2D0B-74D4-42BC-A5ED-DD6946B059EA}.Release|ARM.Deploy.0 = Release|ARM
		{7F0B2D0B-74D4-42BC-A5ED-DD6946B059EA}.Release|iPhone.ActiveCfg = Release|x86
		{7F0B2D0B-74D4-42BC-A5ED-DD6946B059EA}.Release|iPhone.Build.0 = Release|x86
		{7F0B2D0B-74D4-42BC-A5ED-DD6946B059EA}.Release|iPhone.Deploy.0 = Release|x86
		{7F0B2D0B-74D4-42BC-A5ED-DD6946B059EA}.Release|iPhoneSimulator.ActiveCfg = Release|x86
		{7F0B2D0B-74D4-42BC-A5ED-DD6946B059EA}.Release|iPhoneSimulator.Build.0 = Release|x86
		{7F0B2D0B-74D4-42BC-A5ED-DD6946B059EA}.Release|iPhoneSimulator.Deploy.0 = Release|x86
		{7F0B2D0B-74D4-42BC-A5ED-DD6946B059EA}.Release|x64.ActiveCfg = Release|x64
		{7F0B2D0B-74D4-42BC-A5ED-DD6946B059EA}.Release|x64.Build.0 = Release|x64
		{7F0B2D0B-74D4-42BC-A5ED-DD6946B059EA}.Release|x64.Deploy.0 = Release|x64
		{7F0B2D0B-74D4-42BC-A5ED-DD6946B059EA}.Release|x86.ActiveCfg = Release|x86
		{7F0B2D0B-74D4-42BC-A5ED-DD6946B059EA}.Release|x86.Build.0 = Release|x86
		{7F0B2D0B-74D4-42BC-A5ED-DD6946B059EA}.Release|x86.Deploy.0 = Release|x86
		{FF4DDC9C-3769-4427-992D-EFE86852945F}.Debug|Any CPU.ActiveCfg = Debug|Any CPU
		{FF4DDC9C-3769-4427-992D-EFE86852945F}.Debug|Any CPU.Build.0 = Debug|Any CPU
		{FF4DDC9C-3769-4427-992D-EFE86852945F}.Debug|Any CPU.Deploy.0 = Debug|Any CPU
		{FF4DDC9C-3769-4427-992D-EFE86852945F}.Debug|ARM.ActiveCfg = Debug|Any CPU
		{FF4DDC9C-3769-4427-992D-EFE86852945F}.Debug|ARM.Build.0 = Debug|Any CPU
		{FF4DDC9C-3769-4427-992D-EFE86852945F}.Debug|ARM.Deploy.0 = Debug|Any CPU
		{FF4DDC9C-3769-4427-992D-EFE86852945F}.Debug|iPhone.ActiveCfg = Debug|Any CPU
		{FF4DDC9C-3769-4427-992D-EFE86852945F}.Debug|iPhone.Build.0 = Debug|Any CPU
		{FF4DDC9C-3769-4427-992D-EFE86852945F}.Debug|iPhone.Deploy.0 = Debug|Any CPU
		{FF4DDC9C-3769-4427-992D-EFE86852945F}.Debug|iPhoneSimulator.ActiveCfg = Debug|Any CPU
		{FF4DDC9C-3769-4427-992D-EFE86852945F}.Debug|iPhoneSimulator.Build.0 = Debug|Any CPU
		{FF4DDC9C-3769-4427-992D-EFE86852945F}.Debug|iPhoneSimulator.Deploy.0 = Debug|Any CPU
		{FF4DDC9C-3769-4427-992D-EFE86852945F}.Debug|x64.ActiveCfg = Debug|Any CPU
		{FF4DDC9C-3769-4427-992D-EFE86852945F}.Debug|x64.Build.0 = Debug|Any CPU
		{FF4DDC9C-3769-4427-992D-EFE86852945F}.Debug|x64.Deploy.0 = Debug|Any CPU
		{FF4DDC9C-3769-4427-992D-EFE86852945F}.Debug|x86.ActiveCfg = Debug|Any CPU
		{FF4DDC9C-3769-4427-992D-EFE86852945F}.Debug|x86.Build.0 = Debug|Any CPU
		{FF4DDC9C-3769-4427-992D-EFE86852945F}.Debug|x86.Deploy.0 = Debug|Any CPU
		{FF4DDC9C-3769-4427-992D-EFE86852945F}.Release|Any CPU.ActiveCfg = Release|Any CPU
		{FF4DDC9C-3769-4427-992D-EFE86852945F}.Release|Any CPU.Build.0 = Release|Any CPU
		{FF4DDC9C-3769-4427-992D-EFE86852945F}.Release|Any CPU.Deploy.0 = Release|Any CPU
		{FF4DDC9C-3769-4427-992D-EFE86852945F}.Release|ARM.ActiveCfg = Release|Any CPU
		{FF4DDC9C-3769-4427-992D-EFE86852945F}.Release|ARM.Build.0 = Release|Any CPU
		{FF4DDC9C-3769-4427-992D-EFE86852945F}.Release|ARM.Deploy.0 = Release|Any CPU
		{FF4DDC9C-3769-4427-992D-EFE86852945F}.Release|iPhone.ActiveCfg = Release|Any CPU
		{FF4DDC9C-3769-4427-992D-EFE86852945F}.Release|iPhone.Build.0 = Release|Any CPU
		{FF4DDC9C-3769-4427-992D-EFE86852945F}.Release|iPhone.Deploy.0 = Release|Any CPU
		{FF4DDC9C-3769-4427-992D-EFE86852945F}.Release|iPhoneSimulator.ActiveCfg = Release|Any CPU
		{FF4DDC9C-3769-4427-992D-EFE86852945F}.Release|iPhoneSimulator.Build.0 = Release|Any CPU
		{FF4DDC9C-3769-4427-992D-EFE86852945F}.Release|iPhoneSimulator.Deploy.0 = Release|Any CPU
		{FF4DDC9C-3769-4427-992D-EFE86852945F}.Release|x64.ActiveCfg = Release|Any CPU
		{FF4DDC9C-3769-4427-992D-EFE86852945F}.Release|x64.Build.0 = Release|Any CPU
		{FF4DDC9C-3769-4427-992D-EFE86852945F}.Release|x64.Deploy.0 = Release|Any CPU
		{FF4DDC9C-3769-4427-992D-EFE86852945F}.Release|x86.ActiveCfg = Release|Any CPU
		{FF4DDC9C-3769-4427-992D-EFE86852945F}.Release|x86.Build.0 = Release|Any CPU
		{FF4DDC9C-3769-4427-992D-EFE86852945F}.Release|x86.Deploy.0 = Release|Any CPU
		{F1446023-4FBB-483A-B36A-A214ABEEDD21}.Debug|Any CPU.ActiveCfg = Debug|Any CPU
		{F1446023-4FBB-483A-B36A-A214ABEEDD21}.Debug|Any CPU.Build.0 = Debug|Any CPU
		{F1446023-4FBB-483A-B36A-A214ABEEDD21}.Debug|ARM.ActiveCfg = Debug|Any CPU
		{F1446023-4FBB-483A-B36A-A214ABEEDD21}.Debug|ARM.Build.0 = Debug|Any CPU
		{F1446023-4FBB-483A-B36A-A214ABEEDD21}.Debug|iPhone.ActiveCfg = Debug|Any CPU
		{F1446023-4FBB-483A-B36A-A214ABEEDD21}.Debug|iPhone.Build.0 = Debug|Any CPU
		{F1446023-4FBB-483A-B36A-A214ABEEDD21}.Debug|iPhoneSimulator.ActiveCfg = Debug|Any CPU
		{F1446023-4FBB-483A-B36A-A214ABEEDD21}.Debug|iPhoneSimulator.Build.0 = Debug|Any CPU
		{F1446023-4FBB-483A-B36A-A214ABEEDD21}.Debug|x64.ActiveCfg = Debug|Any CPU
		{F1446023-4FBB-483A-B36A-A214ABEEDD21}.Debug|x64.Build.0 = Debug|Any CPU
		{F1446023-4FBB-483A-B36A-A214ABEEDD21}.Debug|x86.ActiveCfg = Debug|Any CPU
		{F1446023-4FBB-483A-B36A-A214ABEEDD21}.Debug|x86.Build.0 = Debug|Any CPU
		{F1446023-4FBB-483A-B36A-A214ABEEDD21}.Release|Any CPU.ActiveCfg = Release|Any CPU
		{F1446023-4FBB-483A-B36A-A214ABEEDD21}.Release|Any CPU.Build.0 = Release|Any CPU
		{F1446023-4FBB-483A-B36A-A214ABEEDD21}.Release|ARM.ActiveCfg = Release|Any CPU
		{F1446023-4FBB-483A-B36A-A214ABEEDD21}.Release|ARM.Build.0 = Release|Any CPU
		{F1446023-4FBB-483A-B36A-A214ABEEDD21}.Release|iPhone.ActiveCfg = Release|Any CPU
		{F1446023-4FBB-483A-B36A-A214ABEEDD21}.Release|iPhone.Build.0 = Release|Any CPU
		{F1446023-4FBB-483A-B36A-A214ABEEDD21}.Release|iPhoneSimulator.ActiveCfg = Release|Any CPU
		{F1446023-4FBB-483A-B36A-A214ABEEDD21}.Release|iPhoneSimulator.Build.0 = Release|Any CPU
		{F1446023-4FBB-483A-B36A-A214ABEEDD21}.Release|x64.ActiveCfg = Release|Any CPU
		{F1446023-4FBB-483A-B36A-A214ABEEDD21}.Release|x64.Build.0 = Release|Any CPU
		{F1446023-4FBB-483A-B36A-A214ABEEDD21}.Release|x86.ActiveCfg = Release|Any CPU
		{F1446023-4FBB-483A-B36A-A214ABEEDD21}.Release|x86.Build.0 = Release|Any CPU
	EndGlobalSection
	GlobalSection(SolutionProperties) = preSolution
		HideSolutionNode = FALSE
	EndGlobalSection
	GlobalSection(ExtensibilityGlobals) = postSolution
		SolutionGuid = {DC3080A9-F7D5-4CF7-93FD-E2A73EBA7282}
	EndGlobalSection
EndGlobal
